version = 1
revision = 3
requires-python = ">=3.12"

[[package]]
name = "llm-wiki"
version = "0.1.0"
source = { virtual = "." }
dependencies = [
    { name = "pypdf" },
]

[package.metadata]
requires-dist = [{ name = "pypdf", specifier = ">=6.10.2" }]

[[package]]
name = "pypdf"
version = "6.10.2"
source = { registry = "https://pypi.org/simple" }
sdist = { url = "https://files.pythonhosted.org/packages/7b/3f/9f2167401c2e94833ca3b69535bad89e533b5de75fefe4197a2c224baec2/pypdf-6.10.2.tar.gz", hash = "sha256:7d09ce108eff6bf67465d461b6ef352dcb8d84f7a91befc02f904455c6eea11d", size = 5315679, upload-time = "2026-04-15T16:37:36.978Z" }
wheels = [
    { url = "https://files.pythonhosted.org/packages/0c/d6/1d5c60cc17bbdf37c1552d9c03862fc6d32c5836732a0415b2d637edc2d0/pypdf-6.10.2-py3-none-any.whl", hash = "sha256:aa53be9826655b51c96741e5d7983ca224d898ac0a77896e64636810517624aa", size = 336308, upload-time = "2026-04-15T16:37:34.851Z" },
]
